lockfileVersion: '9.0'

settings:
  autoInstallPeers: true
  excludeLinksFromLockfile: false

importers:

  .:
    dependencies:
      '@alephium/web3':
        specifier: file:../../../alephium-web3/packages/web3/alephium-web3-2.0.11-rc.1.tgz
        version: file:../../../alephium-web3/packages/web3/alephium-web3-2.0.11-rc.1.tgz

packages:

  '@alephium/web3@file:../../../alephium-web3/packages/web3/alephium-web3-2.0.11-rc.1.tgz':
    resolution: {integrity: sha512-yaFlRcXINUWRoBU5UETNxoQ/wZ4XByIfVF4IOa323xB5d760x+ms6PBtkJ7fmomyCNfJ6URF2HkwEYEWC1qriw==, tarball: file:../../../alephium-web3/packages/web3/alephium-web3-2.0.11-rc.1.tgz}
    version: 2.0.11-rc.1
    engines: {node: '>=20.0.0', npm: '>=7.0.0'}

  '@noble/curves@1.6.0':
    resolution: {integrity: sha512-TlaHRXDehJuRNR9TfZDNQ45mMEd5dwUwmicsafcIX4SsNiqnCHKjE/1alYPd/lDRVhxdhUAlv8uEhMCI5zjIJQ==}
    engines: {node: ^14.21.3 || >=16}

  '@noble/hashes@1.5.0':
    resolution: {integrity: sha512-1j6kQFb7QRru7eKN3ZDvRcP13rugwdxZqCjbiAVZfIJwgj2A65UmT4TgARXGlXgnRkORLTDTrO19ZErt7+QXgA==}
    engines: {node: ^14.21.3 || >=16}

  '@noble/hashes@1.6.1':
    resolution: {integrity: sha512-pq5D8h10hHBjyqX+cfBm0i8JUXJ0UhczFc4r74zbuT9XgewFo2E3J1cOaGtdZynILNmQ685YWGzGE1Zv6io50w==}
    engines: {node: ^14.21.3 || >=16}

  '@noble/secp256k1@1.7.1':
    resolution: {integrity: sha512-hOUk6AyBFmqVrv7k5WAw/LpszxVbj9gGN4JRkIX52fdFAj1UA61KXmZDvqVEm+pOyec3+fIeZB02LYa/pWOArw==}

  base-x@4.0.0:
    resolution: {integrity: sha512-FuwxlW4H5kh37X/oW59pwTzzTKRzfrrQwhmyspRM7swOEZcHtDZSCt45U6oKgtuFE+WYPblePMVIPR4RZrh/hw==}

  bignumber.js@9.3.1:
    resolution: {integrity: sha512-Ko0uX15oIUS7wJ3Rb30Fs6SkVbLmPBAKdlm7q9+ak9bbIeFf0MwuBsQV6z7+X768/cHsfg+WlysDWJcmthjsjQ==}

  eventemitter3@4.0.7:
    resolution: {integrity: sha512-8guHBZCwKnFhYdHr2ysuRWErTwhoN2X8XELRlrRwpmfeY2jjuUN4taQMsULKUVo1K4DvZl+0pgfyoysHxvmvEw==}

snapshots:

  '@alephium/web3@file:../../../alephium-web3/packages/web3/alephium-web3-2.0.11-rc.1.tgz':
    dependencies:
      '@noble/curves': 1.6.0
      '@noble/hashes': 1.6.1
      '@noble/secp256k1': 1.7.1
      base-x: 4.0.0
      bignumber.js: 9.3.1
      eventemitter3: 4.0.7

  '@noble/curves@1.6.0':
    dependencies:
      '@noble/hashes': 1.5.0

  '@noble/hashes@1.5.0': {}

  '@noble/hashes@1.6.1': {}

  '@noble/secp256k1@1.7.1': {}

  base-x@4.0.0: {}

  bignumber.js@9.3.1: {}

  eventemitter3@4.0.7: {}
